
Microsoft Visual Studio Solution File, Format Version 12.00
# Visual Studio Version 16
VisualStudioVersion = 16.0.31729.503
MinimumVisualStudioVersion = 10.0.40219.1
Project("{FAE04EC0-301F-11D3-BF4B-00C04F79EFBC}") = "dbHOA", "dbHOA.csproj", "{3C6B09AE-BB93-4C3A-BBBB-23696D1F9BE0}"
EndProject
Global
	GlobalSection(SolutionConfigurationPlatforms) = preSolution
		Debug|Any CPU = Debug|Any CPU
		Release|Any CPU = Release|Any CPU
	EndGlobalSection
	GlobalSection(ProjectConfigurationPlatforms) = postSolution
		{3C6B09AE-BB93-4C3A-BBBB-23696D1F9BE0}.Debug|Any CPU.ActiveCfg = Debug|Any CPU
		{3C6B09AE-BB93-4C3A-BBBB-23696D1F9BE0}.Debug|Any CPU.Build.0 = Debug|Any CPU
		{3C6B09AE-BB93-4C3A-BBBB-23696D1F9BE0}.Release|Any CPU.ActiveCfg = Release|Any CPU
		{3C6B09AE-BB93-4C3A-BBBB-23696D1F9BE0}.Release|Any CPU.Build.0 = Release|Any CPU
	EndGlobalSection
	GlobalSection(SolutionProperties) = preSolution
		HideSolutionNode = FALSE
	EndGlobalSection
	GlobalSection(ExtensibilityGlobals) = postSolution
		SolutionGuid = {CD73D4A1-A7C5-4453-8BC3-B750C06A9E5E}
	EndGlobalSection
EndGlobal
